
Microsoft Visual Studio Solution File, Format Version 12.00
# Visual Studio Version 17
VisualStudioVersion = 17.0.32126.317
MinimumVisualStudioVersion = 10.0.40219.1
Project("{FAE04EC0-301F-11D3-BF4B-00C04F79EFBC}") = "TaskThreePartThree", "TaskThreePartThree\TaskThreePartThree.csproj", "{479B2A5D-C4B0-4296-9153-E0F1155509A9}"
EndProject
Global
	GlobalSection(SolutionConfigurationPlatforms) = preSolution
		Debug|Any CPU = Debug|Any CPU
		Release|Any CPU = Release|Any CPU
	EndGlobalSection
	GlobalSection(ProjectConfigurationPlatforms) = postSolution
		{479B2A5D-C4B0-4296-9153-E0F1155509A9}.Debug|Any CPU.ActiveCfg = Debug|Any CPU
		{479B2A5D-C4B0-4296-9153-E0F1155509A9}.Debug|Any CPU.Build.0 = Debug|Any CPU
		{479B2A5D-C4B0-4296-9153-E0F1155509A9}.Release|Any CPU.ActiveCfg = Release|Any CPU
		{479B2A5D-C4B0-4296-9153-E0F1155509A9}.Release|Any CPU.Build.0 = Release|Any CPU
	EndGlobalSection
	GlobalSection(SolutionProperties) = preSolution
		HideSolutionNode = FALSE
	EndGlobalSection
	GlobalSection(ExtensibilityGlobals) = postSolution
		SolutionGuid = {4D6E5478-B20B-449C-8EA9-0820BA5A6978}
	EndGlobalSection
EndGlobal
